
Microsoft Visual Studio Solution File, Format Version 12.00
# Visual Studio Version 17
VisualStudioVersion = 17.11.35327.3
MinimumVisualStudioVersion = 10.0.40219.1
Project("{FAE04EC0-301F-11D3-BF4B-00C04F79EFBC}") = "Change-track-changes-color", "Change-track-changes-color\Change-track-changes-color.csproj", "{54A4D393-280B-471D-AF0C-C2A0BE65F5FB}"
EndProject
Global
	GlobalSection(SolutionConfigurationPlatforms) = preSolution
		Debug|Any CPU = Debug|Any CPU
		Release|Any CPU = Release|Any CPU
	EndGlobalSection
	GlobalSection(ProjectConfigurationPlatforms) = postSolution
		{54A4D393-280B-471D-AF0C-C2A0BE65F5FB}.Debug|Any CPU.ActiveCfg = Debug|Any CPU
		{54A4D393-280B-471D-AF0C-C2A0BE65F5FB}.Debug|Any CPU.Build.0 = Debug|Any CPU
		{54A4D393-280B-471D-AF0C-C2A0BE65F5FB}.Release|Any CPU.ActiveCfg = Release|Any CPU
		{54A4D393-280B-471D-AF0C-C2A0BE65F5FB}.Release|Any CPU.Build.0 = Release|Any CPU
	EndGlobalSection
	GlobalSection(SolutionProperties) = preSolution
		HideSolutionNode = FALSE
	EndGlobalSection
	GlobalSection(ExtensibilityGlobals) = postSolution
		SolutionGuid = {46BA2654-072E-473B-A6A3-B8133EBDB70E}
	EndGlobalSection
EndGlobal
