
Microsoft Visual Studio Solution File, Format Version 12.00
# Visual Studio Version 17
VisualStudioVersion = 17.11.35327.3
MinimumVisualStudioVersion = 10.0.40219.1
Project("{FAE04EC0-301F-11D3-BF4B-00C04F79EFBC}") = "Disable-alternate-chunks", "Disable-alternate-chunks\Disable-alternate-chunks.csproj", "{662FA634-79E2-4416-AF12-DE4A1E65D1DC}"
EndProject
Global
	GlobalSection(SolutionConfigurationPlatforms) = preSolution
		Debug|Any CPU = Debug|Any CPU
		Release|Any CPU = Release|Any CPU
	EndGlobalSection
	GlobalSection(ProjectConfigurationPlatforms) = postSolution
		{662FA634-79E2-4416-AF12-DE4A1E65D1DC}.Debug|Any CPU.ActiveCfg = Debug|Any CPU
		{662FA634-79E2-4416-AF12-DE4A1E65D1DC}.Debug|Any CPU.Build.0 = Debug|Any CPU
		{662FA634-79E2-4416-AF12-DE4A1E65D1DC}.Release|Any CPU.ActiveCfg = Release|Any CPU
		{662FA634-79E2-4416-AF12-DE4A1E65D1DC}.Release|Any CPU.Build.0 = Release|Any CPU
	EndGlobalSection
	GlobalSection(SolutionProperties) = preSolution
		HideSolutionNode = FALSE
	EndGlobalSection
	GlobalSection(ExtensibilityGlobals) = postSolution
		SolutionGuid = {B6C7B820-D568-4A4E-83F0-11559D9C6B82}
	EndGlobalSection
EndGlobal
