
Microsoft Visual Studio Solution File, Format Version 12.00
# Visual Studio Version 17
VisualStudioVersion = 17.11.35327.3
MinimumVisualStudioVersion = 10.0.40219.1
Project("{FAE04EC0-301F-11D3-BF4B-00C04F79EFBC}") = "Show-or-hide-revisions-in-balloons", "Show-or-hide-revisions-in-balloons\Show-or-hide-revisions-in-balloons.csproj", "{6EDF4978-871F-4C22-820B-CFA9FD735895}"
EndProject
Global
	GlobalSection(SolutionConfigurationPlatforms) = preSolution
		Debug|Any CPU = Debug|Any CPU
		Release|Any CPU = Release|Any CPU
	EndGlobalSection
	GlobalSection(ProjectConfigurationPlatforms) = postSolution
		{6EDF4978-871F-4C22-820B-CFA9FD735895}.Debug|Any CPU.ActiveCfg = Debug|Any CPU
		{6EDF4978-871F-4C22-820B-CFA9FD735895}.Debug|Any CPU.Build.0 = Debug|Any CPU
		{6EDF4978-871F-4C22-820B-CFA9FD735895}.Release|Any CPU.ActiveCfg = Release|Any CPU
		{6EDF4978-871F-4C22-820B-CFA9FD735895}.Release|Any CPU.Build.0 = Release|Any CPU
	EndGlobalSection
	GlobalSection(SolutionProperties) = preSolution
		HideSolutionNode = FALSE
	EndGlobalSection
	GlobalSection(ExtensibilityGlobals) = postSolution
		SolutionGuid = {DD3D8413-8916-4BE0-B614-FD1369748FD8}
	EndGlobalSection
EndGlobal
