
Microsoft Visual Studio Solution File, Format Version 12.00
# Visual Studio Version 17
VisualStudioVersion = 17.11.35327.3
MinimumVisualStudioVersion = 10.0.40219.1
Project("{FAE04EC0-301F-11D3-BF4B-00C04F79EFBC}") = "For-range-of-Unicode", "For-range-of-Unicode\For-range-of-Unicode.csproj", "{E2A0A26F-6F93-43C6-B9CD-DFF2D6916F43}"
EndProject
Global
	GlobalSection(SolutionConfigurationPlatforms) = preSolution
		Debug|Any CPU = Debug|Any CPU
		Release|Any CPU = Release|Any CPU
	EndGlobalSection
	GlobalSection(ProjectConfigurationPlatforms) = postSolution
		{E2A0A26F-6F93-43C6-B9CD-DFF2D6916F43}.Debug|Any CPU.ActiveCfg = Debug|Any CPU
		{E2A0A26F-6F93-43C6-B9CD-DFF2D6916F43}.Debug|Any CPU.Build.0 = Debug|Any CPU
		{E2A0A26F-6F93-43C6-B9CD-DFF2D6916F43}.Release|Any CPU.ActiveCfg = Release|Any CPU
		{E2A0A26F-6F93-43C6-B9CD-DFF2D6916F43}.Release|Any CPU.Build.0 = Release|Any CPU
	EndGlobalSection
	GlobalSection(SolutionProperties) = preSolution
		HideSolutionNode = FALSE
	EndGlobalSection
	GlobalSection(ExtensibilityGlobals) = postSolution
		SolutionGuid = {D69BAA07-4104-4C59-9AFE-B6C611CC4C37}
	EndGlobalSection
EndGlobal
